// !$*UTF8*$!
{
	archiveVersion = 1;
	classes = {
	};
	objectVersion = 50;
	objects = {

/* Begin PBXBuildFile section */
		172ED9D120F27464000E7497 /* PreferencesViewController.swift in Sources */ = {isa = PBXBuildFile; fileRef = 172ED9D020F27464000E7497 /* PreferencesViewController.swift */; };
		172ED9DE20F2B0E4000E7497 /* Device.swift in Sources */ = {isa = PBXBuildFile; fileRef = 172ED9DD20F2B0E4000E7497 /* Device.swift */; };
		172ED9E020F2CCB8000E7497 /* Mix.swift in Sources */ = {isa = PBXBuildFile; fileRef = 172ED9DF20F2CCB8000E7497 /* Mix.swift */; };
		172ED9E220F2CFC1000E7497 /* MixInput.swift in Sources */ = {isa = PBXBuildFile; fileRef = 172ED9E120F2CFC1000E7497 /* MixInput.swift */; };
		172ED9E620F2EC21000E7497 /* MidiMappableItem.swift in Sources */ = {isa = PBXBuildFile; fileRef = 172ED9E520F2EC21000E7497 /* MidiMappableItem.swift */; };
		172ED9E820F2EC8F000E7497 /* MidiMessage.swift in Sources */ = {isa = PBXBuildFile; fileRef = 172ED9E720F2EC8F000E7497 /* MidiMessage.swift */; };
		177908F620F0EF1500B7C702 /* AppDelegate.swift in Sources */ = {isa = PBXBuildFile; fileRef = 177908F520F0EF1500B7C702 /* AppDelegate.swift */; };
		177908F820F0EF1500B7C702 /* ViewController.swift in Sources */ = {isa = PBXBuildFile; fileRef = 177908F720F0EF1500B7C702 /* ViewController.swift */; };
		177908FA20F0EF1700B7C702 /* Assets.xcassets in Resources */ = {isa = PBXBuildFile; fileRef = 177908F920F0EF1700B7C702 /* Assets.xcassets */; };
		177908FD20F0EF1700B7C702 /* Main.storyboard in Resources */ = {isa = PBXBuildFile; fileRef = 177908FB20F0EF1700B7C702 /* Main.storyboard */; };
		1779092220F0F0C200B7C702 /* Icon.icns in Resources */ = {isa = PBXBuildFile; fileRef = 1779092120F0F0C200B7C702 /* Icon.icns */; };
		17ADA66920F41DF7001EBBF4 /* MixerInput.swift in Sources */ = {isa = PBXBuildFile; fileRef = 17ADA66820F41DF7001EBBF4 /* MixerInput.swift */; };
		17ADA66F20F42191001EBBF4 /* ObjectItem.swift in Sources */ = {isa = PBXBuildFile; fileRef = 17ADA66E20F42191001EBBF4 /* ObjectItem.swift */; };
		17ADA67120F42358001EBBF4 /* Item.swift in Sources */ = {isa = PBXBuildFile; fileRef = 17ADA67020F42358001EBBF4 /* Item.swift */; };
		17ADA67320F423DC001EBBF4 /* ValueItem.swift in Sources */ = {isa = PBXBuildFile; fileRef = 17ADA67220F423DC001EBBF4 /* ValueItem.swift */; };
		17ADA67520F425C1001EBBF4 /* HardwareInput.swift in Sources */ = {isa = PBXBuildFile; fileRef = 17ADA67420F425C1001EBBF4 /* HardwareInput.swift */; };
		17ADA67D20F429F1001EBBF4 /* HardwareOutput.swift in Sources */ = {isa = PBXBuildFile; fileRef = 17ADA67C20F429F1001EBBF4 /* HardwareOutput.swift */; };
		17E05BF720F9699F0002D838 /* GainMeter.swift in Sources */ = {isa = PBXBuildFile; fileRef = 17E05BF620F9699F0002D838 /* GainMeter.swift */; };
		17E120A120F1140A00700377 /* TCPListener.swift in Sources */ = {isa = PBXBuildFile; fileRef = 17E120A020F1140A00700377 /* TCPListener.swift */; };
		17E120A720F1680000700377 /* MidiListener.swift in Sources */ = {isa = PBXBuildFile; fileRef = 17E120A620F1680000700377 /* MidiListener.swift */; };
		4C8676735880FEB678D53FBA /* Pods_Focusrite_Midi_Control.framework in Frameworks */ = {isa = PBXBuildFile; fileRef = 4D44987C2326F587AE8A993E /* Pods_Focusrite_Midi_Control.framework */; };
		CA304CDBE0CF854C2CD86D93 /* Pods_Focusrite_Midi_ControlTests.framework in Frameworks */ = {isa = PBXBuildFile; fileRef = 7FD72703E25B0D4032124AAE /* Pods_Focusrite_Midi_ControlTests.framework */; };
		F0F249BD6863DE61DF48E4C4 /* Pods_Focusrite_Midi_ControlUITests.framework in Frameworks */ = {isa = PBXBuildFile; fileRef = 1F68C53C4C1A4FD83300A66E /* Pods_Focusrite_Midi_ControlUITests.framework */; };
/* End PBXBuildFile section */

/* Begin PBXContainerItemProxy section */
		1779090520F0EF1700B7C702 /* PBXContainerItemProxy */ = {
			isa = PBXContainerItemProxy;
			containerPortal = 177908EA20F0EF1500B7C702 /* Project object */;
			proxyType = 1;
			remoteGlobalIDString = 177908F120F0EF1500B7C702;
			remoteInfo = "Focusrite Midi Control";
		};
		1779091020F0EF1700B7C702 /* PBXContainerItemProxy */ = {
			isa = PBXContainerItemProxy;
			containerPortal = 177908EA20F0EF1500B7C702 /* Project object */;
			proxyType = 1;
			remoteGlobalIDString = 177908F120F0EF1500B7C702;
			remoteInfo = "Focusrite Midi Control";
		};
/* End PBXContainerItemProxy section */

/* Begin PBXFileReference section */
		02A38C49C0790A5DFE1346A3 /* Pods-Focusrite Midi ControlUITests.release.xcconfig */ = {isa = PBXFileReference; includeInIndex = 1; lastKnownFileType = text.xcconfig; name = "Pods-Focusrite Midi ControlUITests.release.xcconfig"; path = "Pods/Target Support Files/Pods-Focusrite Midi ControlUITests/Pods-Focusrite Midi ControlUITests.release.xcconfig"; sourceTree = "<group>"; };
		172ED9D020F27464000E7497 /* PreferencesViewController.swift */ = {isa = PBXFileReference; lastKnownFileType = sourcecode.swift; path = PreferencesViewController.swift; sourceTree = "<group>"; };
		172ED9DD20F2B0E4000E7497 /* Device.swift */ = {isa = PBXFileReference; lastKnownFileType = sourcecode.swift; path = Device.swift; sourceTree = "<group>"; };
		172ED9DF20F2CCB8000E7497 /* Mix.swift */ = {isa = PBXFileReference; lastKnownFileType = sourcecode.swift; path = Mix.swift; sourceTree = "<group>"; };
		172ED9E120F2CFC1000E7497 /* MixInput.swift */ = {isa = PBXFileReference; lastKnownFileType = sourcecode.swift; path = MixInput.swift; sourceTree = "<group>"; };
		172ED9E520F2EC21000E7497 /* MidiMappableItem.swift */ = {isa = PBXFileReference; lastKnownFileType = sourcecode.swift; path = MidiMappableItem.swift; sourceTree = "<group>"; };
		172ED9E720F2EC8F000E7497 /* MidiMessage.swift */ = {isa = PBXFileReference; lastKnownFileType = sourcecode.swift; path = MidiMessage.swift; sourceTree = "<group>"; };
		177908F220F0EF1500B7C702 /* Focusrite Midi Control.app */ = {isa = PBXFileReference; explicitFileType = wrapper.application; includeInIndex = 0; path = "Focusrite Midi Control.app"; sourceTree = BUILT_PRODUCTS_DIR; };
		177908F520F0EF1500B7C702 /* AppDelegate.swift */ = {isa = PBXFileReference; lastKnownFileType = sourcecode.swift; path = AppDelegate.swift; sourceTree = "<group>"; };
		177908F720F0EF1500B7C702 /* ViewController.swift */ = {isa = PBXFileReference; lastKnownFileType = sourcecode.swift; path = ViewController.swift; sourceTree = "<group>"; };
		177908F920F0EF1700B7C702 /* Assets.xcassets */ = {isa = PBXFileReference; lastKnownFileType = folder.assetcatalog; path = Assets.xcassets; sourceTree = "<group>"; };
		177908FC20F0EF1700B7C702 /* Base */ = {isa = PBXFileReference; lastKnownFileType = file.storyboard; name = Base; path = Base.lproj/Main.storyboard; sourceTree = "<group>"; };
		177908FE20F0EF1700B7C702 /* Info.plist */ = {isa = PBXFileReference; lastKnownFileType = text.plist.xml; path = Info.plist; sourceTree = "<group>"; };
		177908FF20F0EF1700B7C702 /* Focusrite_Midi_Control.entitlements */ = {isa = PBXFileReference; lastKnownFileType = text.plist.entitlements; path = Focusrite_Midi_Control.entitlements; sourceTree = "<group>"; };
		1779090420F0EF1700B7C702 /* Focusrite Midi ControlTests.xctest */ = {isa = PBXFileReference; explicitFileType = wrapper.cfbundle; includeInIndex = 0; path = "Focusrite Midi ControlTests.xctest"; sourceTree = BUILT_PRODUCTS_DIR; };
		1779090F20F0EF1700B7C702 /* Focusrite Midi ControlUITests.xctest */ = {isa = PBXFileReference; explicitFileType = wrapper.cfbundle; includeInIndex = 0; path = "Focusrite Midi ControlUITests.xctest"; sourceTree = BUILT_PRODUCTS_DIR; };
		1779092120F0F0C200B7C702 /* Icon.icns */ = {isa = PBXFileReference; lastKnownFileType = image.icns; path = Icon.icns; sourceTree = "<group>"; };
		17ADA66820F41DF7001EBBF4 /* MixerInput.swift */ = {isa = PBXFileReference; lastKnownFileType = sourcecode.swift; path = MixerInput.swift; sourceTree = "<group>"; };
		17ADA66E20F42191001EBBF4 /* ObjectItem.swift */ = {isa = PBXFileReference; lastKnownFileType = sourcecode.swift; path = ObjectItem.swift; sourceTree = "<group>"; };
		17ADA67020F42358001EBBF4 /* Item.swift */ = {isa = PBXFileReference; lastKnownFileType = sourcecode.swift; path = Item.swift; sourceTree = "<group>"; };
		17ADA67220F423DC001EBBF4 /* ValueItem.swift */ = {isa = PBXFileReference; lastKnownFileType = sourcecode.swift; path = ValueItem.swift; sourceTree = "<group>"; };
		17ADA67420F425C1001EBBF4 /* HardwareInput.swift */ = {isa = PBXFileReference; lastKnownFileType = sourcecode.swift; path = HardwareInput.swift; sourceTree = "<group>"; };
		17ADA67C20F429F1001EBBF4 /* HardwareOutput.swift */ = {isa = PBXFileReference; lastKnownFileType = sourcecode.swift; path = HardwareOutput.swift; sourceTree = "<group>"; };
		17E05BF620F9699F0002D838 /* GainMeter.swift */ = {isa = PBXFileReference; lastKnownFileType = sourcecode.swift; path = GainMeter.swift; sourceTree = "<group>"; };
		17E120A020F1140A00700377 /* TCPListener.swift */ = {isa = PBXFileReference; fileEncoding = 4; lastKnownFileType = sourcecode.swift; path = TCPListener.swift; sourceTree = "<group>"; };
		17E120A620F1680000700377 /* MidiListener.swift */ = {isa = PBXFileReference; lastKnownFileType = sourcecode.swift; path = MidiListener.swift; sourceTree = "<group>"; };
		1F68C53C4C1A4FD83300A66E /* Pods_Focusrite_Midi_ControlUITests.framework */ = {isa = PBXFileReference; explicitFileType = wrapper.framework; includeInIndex = 0; path = Pods_Focusrite_Midi_ControlUITests.framework; sourceTree = BUILT_PRODUCTS_DIR; };
		473891FBF3AF1F20EF23BD2A /* Pods-Focusrite Midi ControlUITests.debug.xcconfig */ = {isa = PBXFileReference; includeInIndex = 1; lastKnownFileType = text.xcconfig; name = "Pods-Focusrite Midi ControlUITests.debug.xcconfig"; path = "Pods/Target Support Files/Pods-Focusrite Midi ControlUITests/Pods-Focusrite Midi ControlUITests.debug.xcconfig"; sourceTree = "<group>"; };
		4D44987C2326F587AE8A993E /* Pods_Focusrite_Midi_Control.framework */ = {isa = PBXFileReference; explicitFileType = wrapper.framework; includeInIndex = 0; path = Pods_Focusrite_Midi_Control.framework; sourceTree = BUILT_PRODUCTS_DIR; };
		795B034CF5B3391B690AE692 /* Pods-Focusrite Midi Control.release.xcconfig */ = {isa = PBXFileReference; includeInIndex = 1; lastKnownFileType = text.xcconfig; name = "Pods-Focusrite Midi Control.release.xcconfig"; path = "Pods/Target Support Files/Pods-Focusrite Midi Control/Pods-Focusrite Midi Control.release.xcconfig"; sourceTree = "<group>"; };
		7D205D2B031CBC29DE3D10BD /* Pods-Focusrite Midi ControlTests.debug.xcconfig */ = {isa = PBXFileReference; includeInIndex = 1; lastKnownFileType = text.xcconfig; name = "Pods-Focusrite Midi ControlTests.debug.xcconfig"; path = "Pods/Target Support Files/Pods-Focusrite Midi ControlTests/Pods-Focusrite Midi ControlTests.debug.xcconfig"; sourceTree = "<group>"; };
		7FD72703E25B0D4032124AAE /* Pods_Focusrite_Midi_ControlTests.framework */ = {isa = PBXFileReference; explicitFileType = wrapper.framework; includeInIndex = 0; path = Pods_Focusrite_Midi_ControlTests.framework; sourceTree = BUILT_PRODUCTS_DIR; };
		87D163D2553D153D9BF8F696 /* Pods-Focusrite Midi ControlTests.release.xcconfig */ = {isa = PBXFileReference; includeInIndex = 1; lastKnownFileType = text.xcconfig; name = "Pods-Focusrite Midi ControlTests.release.xcconfig"; path = "Pods/Target Support Files/Pods-Focusrite Midi ControlTests/Pods-Focusrite Midi ControlTests.release.xcconfig"; sourceTree = "<group>"; };
		BC0D0F707D9DE73FF9D5184B /* Pods-Focusrite Midi Control.debug.xcconfig */ = {isa = PBXFileReference; includeInIndex = 1; lastKnownFileType = text.xcconfig; name = "Pods-Focusrite Midi Control.debug.xcconfig"; path = "Pods/Target Support Files/Pods-Focusrite Midi Control/Pods-Focusrite Midi Control.debug.xcconfig"; sourceTree = "<group>"; };
/* End PBXFileReference section */

/* Begin PBXFrameworksBuildPhase section */
		177908EF20F0EF1500B7C702 /* Frameworks */ = {
			isa = PBXFrameworksBuildPhase;
			buildActionMask = 2147483647;
			files = (
				4C8676735880FEB678D53FBA /* Pods_Focusrite_Midi_Control.framework in Frameworks */,
			);
			runOnlyForDeploymentPostprocessing = 0;
		};
		1779090120F0EF1700B7C702 /* Frameworks */ = {
			isa = PBXFrameworksBuildPhase;
			buildActionMask = 2147483647;
			files = (
				CA304CDBE0CF854C2CD86D93 /* Pods_Focusrite_Midi_ControlTests.framework in Frameworks */,
			);
			runOnlyForDeploymentPostprocessing = 0;
		};
		1779090C20F0EF1700B7C702 /* Frameworks */ = {
			isa = PBXFrameworksBuildPhase;
			buildActionMask = 2147483647;
			files = (
				F0F249BD6863DE61DF48E4C4 /* Pods_Focusrite_Midi_ControlUITests.framework in Frameworks */,
			);
			runOnlyForDeploymentPostprocessing = 0;
		};
/* End PBXFrameworksBuildPhase section */

/* Begin PBXGroup section */
		172ED9D320F28D3E000E7497 /* Views */ = {
			isa = PBXGroup;
			children = (
				177908F720F0EF1500B7C702 /* ViewController.swift */,
				172ED9D020F27464000E7497 /* PreferencesViewController.swift */,
			);
			path = Views;
			sourceTree = "<group>";
		};
		172ED9D620F29CC5000E7497 /* MIDI */ = {
			isa = PBXGroup;
			children = (
				17E120A620F1680000700377 /* MidiListener.swift */,
			);
			path = MIDI;
			sourceTree = "<group>";
		};
		172ED9D720F29CCE000E7497 /* TCP */ = {
			isa = PBXGroup;
			children = (
				17E120A020F1140A00700377 /* TCPListener.swift */,
			);
			path = TCP;
			sourceTree = "<group>";
		};
		172ED9DC20F2B0D5000E7497 /* Models */ = {
			isa = PBXGroup;
			children = (
				17589B7F20FA89CF0072AEA9 /* MIDI */,
				17589B7E20FA89900072AEA9 /* Focusrite */,
			);
			path = Models;
			sourceTree = "<group>";
		};
		17589B7E20FA89900072AEA9 /* Focusrite */ = {
			isa = PBXGroup;
			children = (
				17ADA65F20F418F0001EBBF4 /* Items */,
				17ADA65C20F41688001EBBF4 /* Inputs */,
				172ED9DD20F2B0E4000E7497 /* Device.swift */,
				172ED9DF20F2CCB8000E7497 /* Mix.swift */,
			);
			path = Focusrite;
			sourceTree = "<group>";
		};
		17589B7F20FA89CF0072AEA9 /* MIDI */ = {
			isa = PBXGroup;
			children = (
				172ED9E720F2EC8F000E7497 /* MidiMessage.swift */,
			);
			path = MIDI;
			sourceTree = "<group>";
		};
		177908E920F0EF1500B7C702 = {
			isa = PBXGroup;
			children = (
				172ED9DC20F2B0D5000E7497 /* Models */,
				172ED9D720F29CCE000E7497 /* TCP */,
				172ED9D620F29CC5000E7497 /* MIDI */,
				172ED9D320F28D3E000E7497 /* Views */,
				177908F420F0EF1500B7C702 /* Focusrite Midi Control */,
				177908F320F0EF1500B7C702 /* Products */,
				5CF844C6230477E864462276 /* Frameworks */,
				935DA996967262752DEA8307 /* Pods */,
			);
			sourceTree = "<group>";
		};
		177908F320F0EF1500B7C702 /* Products */ = {
			isa = PBXGroup;
			children = (
				177908F220F0EF1500B7C702 /* Focusrite Midi Control.app */,
				1779090420F0EF1700B7C702 /* Focusrite Midi ControlTests.xctest */,
				1779090F20F0EF1700B7C702 /* Focusrite Midi ControlUITests.xctest */,
			);
			name = Products;
			sourceTree = "<group>";
		};
		177908F420F0EF1500B7C702 /* Focusrite Midi Control */ = {
			isa = PBXGroup;
			children = (
				177908F520F0EF1500B7C702 /* AppDelegate.swift */,
				177908F920F0EF1700B7C702 /* Assets.xcassets */,
				177908FB20F0EF1700B7C702 /* Main.storyboard */,
				177908FE20F0EF1700B7C702 /* Info.plist */,
				1779092120F0F0C200B7C702 /* Icon.icns */,
				177908FF20F0EF1700B7C702 /* Focusrite_Midi_Control.entitlements */,
			);
			path = "Focusrite Midi Control";
			sourceTree = "<group>";
		};
		17ADA65C20F41688001EBBF4 /* Inputs */ = {
			isa = PBXGroup;
			children = (
				172ED9E120F2CFC1000E7497 /* MixInput.swift */,
				17ADA66820F41DF7001EBBF4 /* MixerInput.swift */,
				17ADA67420F425C1001EBBF4 /* HardwareInput.swift */,
				17ADA67C20F429F1001EBBF4 /* HardwareOutput.swift */,
				17E05BF620F9699F0002D838 /* GainMeter.swift */,
			);
			path = Inputs;
			sourceTree = "<group>";
		};
		17ADA65F20F418F0001EBBF4 /* Items */ = {
			isa = PBXGroup;
			children = (
				172ED9E520F2EC21000E7497 /* MidiMappableItem.swift */,
				17ADA66E20F42191001EBBF4 /* ObjectItem.swift */,
				17ADA67020F42358001EBBF4 /* Item.swift */,
				17ADA67220F423DC001EBBF4 /* ValueItem.swift */,
			);
			path = Items;
			sourceTree = "<group>";
		};
		5CF844C6230477E864462276 /* Frameworks */ = {
			isa = PBXGroup;
			children = (
				4D44987C2326F587AE8A993E /* Pods_Focusrite_Midi_Control.framework */,
				7FD72703E25B0D4032124AAE /* Pods_Focusrite_Midi_ControlTests.framework */,
				1F68C53C4C1A4FD83300A66E /* Pods_Focusrite_Midi_ControlUITests.framework */,
			);
			name = Frameworks;
			sourceTree = "<group>";
		};
		935DA996967262752DEA8307 /* Pods */ = {
			isa = PBXGroup;
			children = (
				BC0D0F707D9DE73FF9D5184B /* Pods-Focusrite Midi Control.debug.xcconfig */,
				795B034CF5B3391B690AE692 /* Pods-Focusrite Midi Control.release.xcconfig */,
				7D205D2B031CBC29DE3D10BD /* Pods-Focusrite Midi ControlTests.debug.xcconfig */,
				87D163D2553D153D9BF8F696 /* Pods-Focusrite Midi ControlTests.release.xcconfig */,
				473891FBF3AF1F20EF23BD2A /* Pods-Focusrite Midi ControlUITests.debug.xcconfig */,
				02A38C49C0790A5DFE1346A3 /* Pods-Focusrite Midi ControlUITests.release.xcconfig */,
			);
			name = Pods;
			sourceTree = "<group>";
		};
/* End PBXGroup section */

/* Begin PBXNativeTarget section */
		177908F120F0EF1500B7C702 /* Focusrite Midi Control */ = {
			isa = PBXNativeTarget;
			buildConfigurationList = 1779091820F0EF1700B7C702 /* Build configuration list for PBXNativeTarget "Focusrite Midi Control" */;
			buildPhases = (
				540873AC4CCF4D928C06DA92 /* [CP] Check Pods Manifest.lock */,
				177908EE20F0EF1500B7C702 /* Sources */,
				177908EF20F0EF1500B7C702 /* Frameworks */,
				177908F020F0EF1500B7C702 /* Resources */,
				50A684D2DB9D337999CA4CD4 /* [CP] Embed Pods Frameworks */,
			);
			buildRules = (
			);
			dependencies = (
			);
			name = "Focusrite Midi Control";
			productName = "Focusrite Midi Control";
			productReference = 177908F220F0EF1500B7C702 /* Focusrite Midi Control.app */;
			productType = "com.apple.product-type.application";
		};
		1779090320F0EF1700B7C702 /* Focusrite Midi ControlTests */ = {
			isa = PBXNativeTarget;
			buildConfigurationList = 1779091B20F0EF1700B7C702 /* Build configuration list for PBXNativeTarget "Focusrite Midi ControlTests" */;
			buildPhases = (
				B9BAAA754D22360226720287 /* [CP] Check Pods Manifest.lock */,
				1779090020F0EF1700B7C702 /* Sources */,
				1779090120F0EF1700B7C702 /* Frameworks */,
				1779090220F0EF1700B7C702 /* Resources */,
			);
			buildRules = (
			);
			dependencies = (
				1779090620F0EF1700B7C702 /* PBXTargetDependency */,
			);
			name = "Focusrite Midi ControlTests";
			productName = "Focusrite Midi ControlTests";
			productReference = 1779090420F0EF1700B7C702 /* Focusrite Midi ControlTests.xctest */;
			productType = "com.apple.product-type.bundle.unit-test";
		};
		1779090E20F0EF1700B7C702 /* Focusrite Midi ControlUITests */ = {
			isa = PBXNativeTarget;
			buildConfigurationList = 1779091E20F0EF1700B7C702 /* Build configuration list for PBXNativeTarget "Focusrite Midi ControlUITests" */;
			buildPhases = (
				7AE70B4F22A0C8AACA298312 /* [CP] Check Pods Manifest.lock */,
				1779090B20F0EF1700B7C702 /* Sources */,
				1779090C20F0EF1700B7C702 /* Frameworks */,
				1779090D20F0EF1700B7C702 /* Resources */,
			);
			buildRules = (
			);
			dependencies = (
				1779091120F0EF1700B7C702 /* PBXTargetDependency */,
			);
			name = "Focusrite Midi ControlUITests";
			productName = "Focusrite Midi ControlUITests";
			productReference = 1779090F20F0EF1700B7C702 /* Focusrite Midi ControlUITests.xctest */;
			productType = "com.apple.product-type.bundle.ui-testing";
		};
/* End PBXNativeTarget section */

/* Begin PBXProject section */
		177908EA20F0EF1500B7C702 /* Project object */ = {
			isa = PBXProject;
			attributes = {
				LastSwiftUpdateCheck = 0940;
				LastUpgradeCheck = 0940;
				ORGANIZATIONNAME = "Antonio-Radu Varga";
				TargetAttributes = {
					177908F120F0EF1500B7C702 = {
						CreatedOnToolsVersion = 9.4.1;
					};
					1779090320F0EF1700B7C702 = {
						CreatedOnToolsVersion = 9.4.1;
						TestTargetID = 177908F120F0EF1500B7C702;
					};
					1779090E20F0EF1700B7C702 = {
						CreatedOnToolsVersion = 9.4.1;
						TestTargetID = 177908F120F0EF1500B7C702;
					};
				};
			};
			buildConfigurationList = 177908ED20F0EF1500B7C702 /* Build configuration list for PBXProject "Focusrite Midi Control" */;
			compatibilityVersion = "Xcode 9.3";
			developmentRegion = en;
			hasScannedForEncodings = 0;
			knownRegions = (
				en,
				Base,
			);
			mainGroup = 177908E920F0EF1500B7C702;
			productRefGroup = 177908F320F0EF1500B7C702 /* Products */;
			projectDirPath = "";
			projectRoot = "";
			targets = (
				177908F120F0EF1500B7C702 /* Focusrite Midi Control */,
				1779090320F0EF1700B7C702 /* Focusrite Midi ControlTests */,
				1779090E20F0EF1700B7C702 /* Focusrite Midi ControlUITests */,
			);
		};
/* End PBXProject section */

/* Begin PBXResourcesBuildPhase section */
		177908F020F0EF1500B7C702 /* Resources */ = {
			isa = PBXResourcesBuildPhase;
			buildActionMask = 2147483647;
			files = (
				1779092220F0F0C200B7C702 /* Icon.icns in Resources */,
				177908FA20F0EF1700B7C702 /* Assets.xcassets in Resources */,
				177908FD20F0EF1700B7C702 /* Main.storyboard in Resources */,
			);
			runOnlyForDeploymentPostprocessing = 0;
		};
		1779090220F0EF1700B7C702 /* Resources */ = {
			isa = PBXResourcesBuildPhase;
			buildActionMask = 2147483647;
			files = (
			);
			runOnlyForDeploymentPostprocessing = 0;
		};
		1779090D20F0EF1700B7C702 /* Resources */ = {
			isa = PBXResourcesBuildPhase;
			buildActionMask = 2147483647;
			files = (
			);
			runOnlyForDeploymentPostprocessing = 0;
		};
/* End PBXResourcesBuildPhase section */

/* Begin PBXShellScriptBuildPhase section */
		50A684D2DB9D337999CA4CD4 /* [CP] Embed Pods Frameworks */ = {
			isa = PBXShellScriptBuildPhase;
			buildActionMask = 2147483647;
			files = (
			);
			inputPaths = (
				"${SRCROOT}/Pods/Target Support Files/Pods-Focusrite Midi Control/Pods-Focusrite Midi Control-frameworks.sh",
				"${BUILT_PRODUCTS_DIR}/AutoCoding/AutoCoding.framework",
				"${BUILT_PRODUCTS_DIR}/SWXMLHash/SWXMLHash.framework",
				"${BUILT_PRODUCTS_DIR}/SwiftSocket/SwiftSocket.framework",
			);
			name = "[CP] Embed Pods Frameworks";
			outputPaths = (
				"${TARGET_BUILD_DIR}/${FRAMEWORKS_FOLDER_PATH}/AutoCoding.framework",
				"${TARGET_BUILD_DIR}/${FRAMEWORKS_FOLDER_PATH}/SWXMLHash.framework",
				"${TARGET_BUILD_DIR}/${FRAMEWORKS_FOLDER_PATH}/SwiftSocket.framework",
			);
			runOnlyForDeploymentPostprocessing = 0;
			shellPath = /bin/sh;
			shellScript = "\"${SRCROOT}/Pods/Target Support Files/Pods-Focusrite Midi Control/Pods-Focusrite Midi Control-frameworks.sh\"\n";
			showEnvVarsInLog = 0;
		};
		540873AC4CCF4D928C06DA92 /* [CP] Check Pods Manifest.lock */ = {
			isa = PBXShellScriptBuildPhase;
			buildActionMask = 2147483647;
			files = (
			);
			inputPaths = (
				"${PODS_PODFILE_DIR_PATH}/Podfile.lock",
				"${PODS_ROOT}/Manifest.lock",
			);
			name = "[CP] Check Pods Manifest.lock";
			outputPaths = (
				"$(DERIVED_FILE_DIR)/Pods-Focusrite Midi Control-checkManifestLockResult.txt",
			);
			runOnlyForDeploymentPostprocessing = 0;
			shellPath = /bin/sh;
			shellScript = "diff \"${PODS_PODFILE_DIR_PATH}/Podfile.lock\" \"${PODS_ROOT}/Manifest.lock\" > /dev/null\nif [ $? != 0 ] ; then\n    # print error to STDERR\n    echo \"error: The sandbox is not in sync with the Podfile.lock. Run 'pod install' or update your CocoaPods installation.\" >&2\n    exit 1\nfi\n# This output is used by Xcode 'outputs' to avoid re-running this script phase.\necho \"SUCCESS\" > \"${SCRIPT_OUTPUT_FILE_0}\"\n";
			showEnvVarsInLog = 0;
		};
		7AE70B4F22A0C8AACA298312 /* [CP] Check Pods Manifest.lock */ = {
			isa = PBXShellScriptBuildPhase;
			buildActionMask = 2147483647;
			files = (
			);
			inputPaths = (
				"${PODS_PODFILE_DIR_PATH}/Podfile.lock",
				"${PODS_ROOT}/Manifest.lock",
			);
			name = "[CP] Check Pods Manifest.lock";
			outputPaths = (
				"$(DERIVED_FILE_DIR)/Pods-Focusrite Midi ControlUITests-checkManifestLockResult.txt",
			);
			runOnlyForDeploymentPostprocessing = 0;
			shellPath = /bin/sh;
			shellScript = "diff \"${PODS_PODFILE_DIR_PATH}/Podfile.lock\" \"${PODS_ROOT}/Manifest.lock\" > /dev/null\nif [ $? != 0 ] ; then\n    # print error to STDERR\n    echo \"error: The sandbox is not in sync with the Podfile.lock. Run 'pod install' or update your CocoaPods installation.\" >&2\n    exit 1\nfi\n# This output is used by Xcode 'outputs' to avoid re-running this script phase.\necho \"SUCCESS\" > \"${SCRIPT_OUTPUT_FILE_0}\"\n";
			showEnvVarsInLog = 0;
		};
		B9BAAA754D22360226720287 /* [CP] Check Pods Manifest.lock */ = {
			isa = PBXShellScriptBuildPhase;
			buildActionMask = 2147483647;
			files = (
			);
			inputPaths = (
				"${PODS_PODFILE_DIR_PATH}/Podfile.lock",
				"${PODS_ROOT}/Manifest.lock",
			);
			name = "[CP] Check Pods Manifest.lock";
			outputPaths = (
				"$(DERIVED_FILE_DIR)/Pods-Focusrite Midi ControlTests-checkManifestLockResult.txt",
			);
			runOnlyForDeploymentPostprocessing = 0;
			shellPath = /bin/sh;
			shellScript = "diff \"${PODS_PODFILE_DIR_PATH}/Podfile.lock\" \"${PODS_ROOT}/Manifest.lock\" > /dev/null\nif [ $? != 0 ] ; then\n    # print error to STDERR\n    echo \"error: The sandbox is not in sync with the Podfile.lock. Run 'pod install' or update your CocoaPods installation.\" >&2\n    exit 1\nfi\n# This output is used by Xcode 'outputs' to avoid re-running this script phase.\necho \"SUCCESS\" > \"${SCRIPT_OUTPUT_FILE_0}\"\n";
			showEnvVarsInLog = 0;
		};
/* End PBXShellScriptBuildPhase section */

/* Begin PBXSourcesBuildPhase section */
		177908EE20F0EF1500B7C702 /* Sources */ = {
			isa = PBXSourcesBuildPhase;
			buildActionMask = 2147483647;
			files = (
				172ED9E220F2CFC1000E7497 /* MixInput.swift in Sources */,
				172ED9E020F2CCB8000E7497 /* Mix.swift in Sources */,
				17ADA67320F423DC001EBBF4 /* ValueItem.swift in Sources */,
				172ED9D120F27464000E7497 /* PreferencesViewController.swift in Sources */,
				17E120A720F1680000700377 /* MidiListener.swift in Sources */,
				17ADA67120F42358001EBBF4 /* Item.swift in Sources */,
				17E05BF720F9699F0002D838 /* GainMeter.swift in Sources */,
				17ADA67520F425C1001EBBF4 /* HardwareInput.swift in Sources */,
				17ADA66F20F42191001EBBF4 /* ObjectItem.swift in Sources */,
				172ED9E820F2EC8F000E7497 /* MidiMessage.swift in Sources */,
				177908F820F0EF1500B7C702 /* ViewController.swift in Sources */,
				172ED9E620F2EC21000E7497 /* MidiMappableItem.swift in Sources */,
				17ADA66920F41DF7001EBBF4 /* MixerInput.swift in Sources */,
				17E120A120F1140A00700377 /* TCPListener.swift in Sources */,
				177908F620F0EF1500B7C702 /* AppDelegate.swift in Sources */,
				17ADA67D20F429F1001EBBF4 /* HardwareOutput.swift in Sources */,
				172ED9DE20F2B0E4000E7497 /* Device.swift in Sources */,
			);
			runOnlyForDeploymentPostprocessing = 0;
		};
		1779090020F0EF1700B7C702 /* Sources */ = {
			isa = PBXSourcesBuildPhase;
			buildActionMask = 2147483647;
			files = (
			);
			runOnlyForDeploymentPostprocessing = 0;
		};
		1779090B20F0EF1700B7C702 /* Sources */ = {
			isa = PBXSourcesBuildPhase;
			buildActionMask = 2147483647;
			files = (
			);
			runOnlyForDeploymentPostprocessing = 0;
		};
/* End PBXSourcesBuildPhase section */

/* Begin PBXTargetDependency section */
		1779090620F0EF1700B7C702 /* PBXTargetDependency */ = {
			isa = PBXTargetDependency;
			target = 177908F120F0EF1500B7C702 /* Focusrite Midi Control */;
			targetProxy = 1779090520F0EF1700B7C702 /* PBXContainerItemProxy */;
		};
		1779091120F0EF1700B7C702 /* PBXTargetDependency */ = {
			isa = PBXTargetDependency;
			target = 177908F120F0EF1500B7C702 /* Focusrite Midi Control */;
			targetProxy = 1779091020F0EF1700B7C702 /* PBXContainerItemProxy */;
		};
/* End PBXTargetDependency section */

/* Begin PBXVariantGroup section */
		177908FB20F0EF1700B7C702 /* Main.storyboard */ = {
			isa = PBXVariantGroup;
			children = (
				177908FC20F0EF1700B7C702 /* Base */,
			);
			name = Main.storyboard;
			sourceTree = "<group>";
		};
/* End PBXVariantGroup section */

/* Begin XCBuildConfiguration section */
		1779091620F0EF1700B7C702 /* Debug */ = {
			isa = XCBuildConfiguration;
			buildSettings = {
				ALWAYS_SEARCH_USER_PATHS = NO;
				CLANG_ANALYZER_NONNULL = YES;
				CLANG_ANALYZER_NUMBER_OBJECT_CONVERSION = YES_AGGRESSIVE;
				CLANG_CXX_LANGUAGE_STANDARD = "gnu++14";
				CLANG_CXX_LIBRARY = "libc++";
				CLANG_ENABLE_MODULES = YES;
				CLANG_ENABLE_OBJC_ARC = YES;
				CLANG_ENABLE_OBJC_WEAK = YES;
				CLANG_WARN_BLOCK_CAPTURE_AUTORELEASING = YES;
				CLANG_WARN_BOOL_CONVERSION = YES;
				CLANG_WARN_COMMA = YES;
				CLANG_WARN_CONSTANT_CONVERSION = YES;
				CLANG_WARN_DEPRECATED_OBJC_IMPLEMENTATIONS = YES;
				CLANG_WARN_DIRECT_OBJC_ISA_USAGE = YES_ERROR;
				CLANG_WARN_DOCUMENTATION_COMMENTS = YES;
				CLANG_WARN_EMPTY_BODY = YES;
				CLANG_WARN_ENUM_CONVERSION = YES;
				CLANG_WARN_INFINITE_RECURSION = YES;
				CLANG_WARN_INT_CONVERSION = YES;
				CLANG_WARN_NON_LITERAL_NULL_CONVERSION = YES;
				CLANG_WARN_OBJC_IMPLICIT_RETAIN_SELF = YES;
				CLANG_WARN_OBJC_LITERAL_CONVERSION = YES;
				CLANG_WARN_OBJC_ROOT_CLASS = YES_ERROR;
				CLANG_WARN_RANGE_LOOP_ANALYSIS = YES;
				CLANG_WARN_STRICT_PROTOTYPES = YES;
				CLANG_WARN_SUSPICIOUS_MOVE = YES;
				CLANG_WARN_UNGUARDED_AVAILABILITY = YES_AGGRESSIVE;
				CLANG_WARN_UNREACHABLE_CODE = YES;
				CLANG_WARN__DUPLICATE_METHOD_MATCH = YES;
				CODE_SIGN_IDENTITY = "-";
				COPY_PHASE_STRIP = NO;
				DEBUG_INFORMATION_FORMAT = dwarf;
				ENABLE_STRICT_OBJC_MSGSEND = YES;
				ENABLE_TESTABILITY = YES;
				GCC_C_LANGUAGE_STANDARD = gnu11;
				GCC_DYNAMIC_NO_PIC = NO;
				GCC_NO_COMMON_BLOCKS = YES;
				GCC_OPTIMIZATION_LEVEL = 0;
				GCC_PREPROCESSOR_DEFINITIONS = (
					"DEBUG=1",
					"$(inherited)",
				);
				GCC_WARN_64_TO_32_BIT_CONVERSION = YES;
				GCC_WARN_ABOUT_RETURN_TYPE = YES_ERROR;
				GCC_WARN_UNDECLARED_SELECTOR = YES;
				GCC_WARN_UNINITIALIZED_AUTOS = YES_AGGRESSIVE;
				GCC_WARN_UNUSED_FUNCTION = YES;
				GCC_WARN_UNUSED_VARIABLE = YES;
				MACOSX_DEPLOYMENT_TARGET = 10.13;
				MTL_ENABLE_DEBUG_INFO = YES;
				ONLY_ACTIVE_ARCH = YES;
				SDKROOT = macosx;
				SWIFT_ACTIVE_COMPILATION_CONDITIONS = DEBUG;
				SWIFT_OPTIMIZATION_LEVEL = "-Onone";
			};
			name = Debug;
		};
		1779091720F0EF1700B7C702 /* Release */ = {
			isa = XCBuildConfiguration;
			buildSettings = {
				ALWAYS_SEARCH_USER_PATHS = NO;
				CLANG_ANALYZER_NONNULL = YES;
				CLANG_ANALYZER_NUMBER_OBJECT_CONVERSION = YES_AGGRESSIVE;
				CLANG_CXX_LANGUAGE_STANDARD = "gnu++14";
				CLANG_CXX_LIBRARY = "libc++";
				CLANG_ENABLE_MODULES = YES;
				CLANG_ENABLE_OBJC_ARC = YES;
				CLANG_ENABLE_OBJC_WEAK = YES;
				CLANG_WARN_BLOCK_CAPTURE_AUTORELEASING = YES;
				CLANG_WARN_BOOL_CONVERSION = YES;
				CLANG_WARN_COMMA = YES;
				CLANG_WARN_CONSTANT_CONVERSION = YES;
				CLANG_WARN_DEPRECATED_OBJC_IMPLEMENTATIONS = YES;
				CLANG_WARN_DIRECT_OBJC_ISA_USAGE = YES_ERROR;
				CLANG_WARN_DOCUMENTATION_COMMENTS = YES;
				CLANG_WARN_EMPTY_BODY = YES;
				CLANG_WARN_ENUM_CONVERSION = YES;
				CLANG_WARN_INFINITE_RECURSION = YES;
				CLANG_WARN_INT_CONVERSION = YES;
				CLANG_WARN_NON_LITERAL_NULL_CONVERSION = YES;
				CLANG_WARN_OBJC_IMPLICIT_RETAIN_SELF = YES;
				CLANG_WARN_OBJC_LITERAL_CONVERSION = YES;
				CLANG_WARN_OBJC_ROOT_CLASS = YES_ERROR;
				CLANG_WARN_RANGE_LOOP_ANALYSIS = YES;
				CLANG_WARN_STRICT_PROTOTYPES = YES;
				CLANG_WARN_SUSPICIOUS_MOVE = YES;
				CLANG_WARN_UNGUARDED_AVAILABILITY = YES_AGGRESSIVE;
				CLANG_WARN_UNREACHABLE_CODE = YES;
				CLANG_WARN__DUPLICATE_METHOD_MATCH = YES;
				CODE_SIGN_IDENTITY = "-";
				COPY_PHASE_STRIP = NO;
				DEBUG_INFORMATION_FORMAT = "dwarf-with-dsym";
				ENABLE_NS_ASSERTIONS = NO;
				ENABLE_STRICT_OBJC_MSGSEND = YES;
				GCC_C_LANGUAGE_STANDARD = gnu11;
				GCC_NO_COMMON_BLOCKS = YES;
				GCC_WARN_64_TO_32_BIT_CONVERSION = YES;
				GCC_WARN_ABOUT_RETURN_TYPE = YES_ERROR;
				GCC_WARN_UNDECLARED_SELECTOR = YES;
				GCC_WARN_UNINITIALIZED_AUTOS = YES_AGGRESSIVE;
				GCC_WARN_UNUSED_FUNCTION = YES;
				GCC_WARN_UNUSED_VARIABLE = YES;
				MACOSX_DEPLOYMENT_TARGET = 10.13;
				MTL_ENABLE_DEBUG_INFO = NO;
				SDKROOT = macosx;
				SWIFT_COMPILATION_MODE = wholemodule;
				SWIFT_OPTIMIZATION_LEVEL = "-O";
			};
			name = Release;
		};
		1779091920F0EF1700B7C702 /* Debug */ = {
			isa = XCBuildConfiguration;
			baseConfigurationReference = BC0D0F707D9DE73FF9D5184B /* Pods-Focusrite Midi Control.debug.xcconfig */;
			buildSettings = {
				ASSETCATALOG_COMPILER_APPICON_NAME = AppIcon;
				CODE_SIGN_ENTITLEMENTS = "Focusrite Midi Control/Focusrite_Midi_Control.entitlements";
				CODE_SIGN_STYLE = Automatic;
				COMBINE_HIDPI_IMAGES = YES;
				INFOPLIST_FILE = "Focusrite Midi Control/Info.plist";
				LD_RUNPATH_SEARCH_PATHS = (
					"$(inherited)",
					"@executable_path/../Frameworks",
				);
				MACOSX_DEPLOYMENT_TARGET = 10.13;
				PRODUCT_BUNDLE_IDENTIFIER = "raduvarga.Focusrite-Midi-Control";
				PRODUCT_NAME = "$(TARGET_NAME)";
				SWIFT_VERSION = 4.0;
			};
			name = Debug;
		};
		1779091A20F0EF1700B7C702 /* Release */ = {
			isa = XCBuildConfiguration;
			baseConfigurationReference = 795B034CF5B3391B690AE692 /* Pods-Focusrite Midi Control.release.xcconfig */;
			buildSettings = {
				ASSETCATALOG_COMPILER_APPICON_NAME = AppIcon;
				CODE_SIGN_ENTITLEMENTS = "Focusrite Midi Control/Focusrite_Midi_Control.entitlements";
				CODE_SIGN_STYLE = Automatic;
				COMBINE_HIDPI_IMAGES = YES;
				INFOPLIST_FILE = "Focusrite Midi Control/Info.plist";
				LD_RUNPATH_SEARCH_PATHS = (
					"$(inherited)",
					"@executable_path/../Frameworks",
				);
				MACOSX_DEPLOYMENT_TARGET = 10.13;
				PRODUCT_BUNDLE_IDENTIFIER = "raduvarga.Focusrite-Midi-Control";
				PRODUCT_NAME = "$(TARGET_NAME)";
				SWIFT_VERSION = 4.0;
			};
			name = Release;
		};
		1779091C20F0EF1700B7C702 /* Debug */ = {
			isa = XCBuildConfiguration;
			baseConfigurationReference = 7D205D2B031CBC29DE3D10BD /* Pods-Focusrite Midi ControlTests.debug.xcconfig */;
			buildSettings = {
				ALWAYS_EMBED_SWIFT_STANDARD_LIBRARIES = YES;
				BUNDLE_LOADER = "$(TEST_HOST)";
				CODE_SIGN_STYLE = Automatic;
				COMBINE_HIDPI_IMAGES = YES;
				INFOPLIST_FILE = "Focusrite Midi ControlTests/Info.plist";
				LD_RUNPATH_SEARCH_PATHS = (
					"$(inherited)",
					"@executable_path/../Frameworks",
					"@loader_path/../Frameworks",
				);
				PRODUCT_BUNDLE_IDENTIFIER = "raduvarga.Focusrite-Midi-ControlTests";
				PRODUCT_NAME = "$(TARGET_NAME)";
				SWIFT_VERSION = 4.0;
				TEST_HOST = "$(BUILT_PRODUCTS_DIR)/Focusrite Midi Control.app/Contents/MacOS/Focusrite Midi Control";
			};
			name = Debug;
		};
		1779091D20F0EF1700B7C702 /* Release */ = {
			isa = XCBuildConfiguration;
			baseConfigurationReference = 87D163D2553D153D9BF8F696 /* Pods-Focusrite Midi ControlTests.release.xcconfig */;
			buildSettings = {
				ALWAYS_EMBED_SWIFT_STANDARD_LIBRARIES = YES;
				BUNDLE_LOADER = "$(TEST_HOST)";
				CODE_SIGN_STYLE = Automatic;
				COMBINE_HIDPI_IMAGES = YES;
				INFOPLIST_FILE = "Focusrite Midi ControlTests/Info.plist";
				LD_RUNPATH_SEARCH_PATHS = (
					"$(inherited)",
					"@executable_path/../Frameworks",
					"@loader_path/../Frameworks",
				);
				PRODUCT_BUNDLE_IDENTIFIER = "raduvarga.Focusrite-Midi-ControlTests";
				PRODUCT_NAME = "$(TARGET_NAME)";
				SWIFT_VERSION = 4.0;
				TEST_HOST = "$(BUILT_PRODUCTS_DIR)/Focusrite Midi Control.app/Contents/MacOS/Focusrite Midi Control";
			};
			name = Release;
		};
		1779091F20F0EF1700B7C702 /* Debug */ = {
			isa = XCBuildConfiguration;
			baseConfigurationReference = 473891FBF3AF1F20EF23BD2A /* Pods-Focusrite Midi ControlUITests.debug.xcconfig */;
			buildSettings = {
				ALWAYS_EMBED_SWIFT_STANDARD_LIBRARIES = YES;
				CODE_SIGN_STYLE = Automatic;
				COMBINE_HIDPI_IMAGES = YES;
				INFOPLIST_FILE = "Focusrite Midi ControlUITests/Info.plist";
				LD_RUNPATH_SEARCH_PATHS = (
					"$(inherited)",
					"@executable_path/../Frameworks",
					"@loader_path/../Frameworks",
				);
				PRODUCT_BUNDLE_IDENTIFIER = "raduvarga.Focusrite-Midi-ControlUITests";
				PRODUCT_NAME = "$(TARGET_NAME)";
				SWIFT_VERSION = 4.0;
				TEST_TARGET_NAME = "Focusrite Midi Control";
			};
			name = Debug;
		};
		1779092020F0EF1700B7C702 /* Release */ = {
			isa = XCBuildConfiguration;
			baseConfigurationReference = 02A38C49C0790A5DFE1346A3 /* Pods-Focusrite Midi ControlUITests.release.xcconfig */;
			buildSettings = {
				ALWAYS_EMBED_SWIFT_STANDARD_LIBRARIES = YES;
				CODE_SIGN_STYLE = Automatic;
				COMBINE_HIDPI_IMAGES = YES;
				INFOPLIST_FILE = "Focusrite Midi ControlUITests/Info.plist";
				LD_RUNPATH_SEARCH_PATHS = (
					"$(inherited)",
					"@executable_path/../Frameworks",
					"@loader_path/../Frameworks",
				);
				PRODUCT_BUNDLE_IDENTIFIER = "raduvarga.Focusrite-Midi-ControlUITests";
				PRODUCT_NAME = "$(TARGET_NAME)";
				SWIFT_VERSION = 4.0;
				TEST_TARGET_NAME = "Focusrite Midi Control";
			};
			name = Release;
		};
/* End XCBuildConfiguration section */

/* Begin XCConfigurationList section */
		177908ED20F0EF1500B7C702 /* Build configuration list for PBXProject "Focusrite Midi Control" */ = {
			isa = XCConfigurationList;
			buildConfigurations = (
				1779091620F0EF1700B7C702 /* Debug */,
				1779091720F0EF1700B7C702 /* Release */,
			);
			defaultConfigurationIsVisible = 0;
			defaultConfigurationName = Release;
		};
		1779091820F0EF1700B7C702 /* Build configuration list for PBXNativeTarget "Focusrite Midi Control" */ = {
			isa = XCConfigurationList;
			buildConfigurations = (
				1779091920F0EF1700B7C702 /* Debug */,
				1779091A20F0EF1700B7C702 /* Release */,
			);
			defaultConfigurationIsVisible = 0;
			defaultConfigurationName = Release;
		};
		1779091B20F0EF1700B7C702 /* Build configuration list for PBXNativeTarget "Focusrite Midi ControlTests" */ = {
			isa = XCConfigurationList;
			buildConfigurations = (
				1779091C20F0EF1700B7C702 /* Debug */,
				1779091D20F0EF1700B7C702 /* Release */,
			);
			defaultConfigurationIsVisible = 0;
			defaultConfigurationName = Release;
		};
		1779091E20F0EF1700B7C702 /* Build configuration list for PBXNativeTarget "Focusrite Midi ControlUITests" */ = {
			isa = XCConfigurationList;
			buildConfigurations = (
				1779091F20F0EF1700B7C702 /* Debug */,
				1779092020F0EF1700B7C702 /* Release */,
			);
			defaultConfigurationIsVisible = 0;
			defaultConfigurationName = Release;
		};
/* End XCConfigurationList section */
	};
	rootObject = 177908EA20F0EF1500B7C702 /* Project object */;
}
