// !$*UTF8*$!
{
	archiveVersion = 1;
	classes = {
	};
	objectVersion = 50;
	objects = {

/* Begin PBXBuildFile section */
		177908F620F0EF1500B7C702 /* AppDelegate.swift in Sources */ = {isa = PBXBuildFile; fileRef = 177908F520F0EF1500B7C702 /* AppDelegate.swift */; };
		177908F820F0EF1500B7C702 /* ViewController.swift in Sources */ = {isa = PBXBuildFile; fileRef = 177908F720F0EF1500B7C702 /* ViewController.swift */; };
		177908FA20F0EF1700B7C702 /* Assets.xcassets in Resources */ = {isa = PBXBuildFile; fileRef = 177908F920F0EF1700B7C702 /* Assets.xcassets */; };
		177908FD20F0EF1700B7C702 /* Main.storyboard in Resources */ = {isa = PBXBuildFile; fileRef = 177908FB20F0EF1700B7C702 /* Main.storyboard */; };
		1779090920F0EF1700B7C702 /* Focusrite_Midi_ControlTests.swift in Sources */ = {isa = PBXBuildFile; fileRef = 1779090820F0EF1700B7C702 /* Focusrite_Midi_ControlTests.swift */; };
		1779091420F0EF1700B7C702 /* Focusrite_Midi_ControlUITests.swift in Sources */ = {isa = PBXBuildFile; fileRef = 1779091320F0EF1700B7C702 /* Focusrite_Midi_ControlUITests.swift */; };
/* End PBXBuildFile section */

/* Begin PBXContainerItemProxy section */
		1779090520F0EF1700B7C702 /* PBXContainerItemProxy */ = {
			isa = PBXContainerItemProxy;
			containerPortal = 177908EA20F0EF1500B7C702 /* Project object */;
			proxyType = 1;
			remoteGlobalIDString = 177908F120F0EF1500B7C702;
			remoteInfo = "Focusrite Midi Control";
		};
		1779091020F0EF1700B7C702 /* PBXContainerItemProxy */ = {
			isa = PBXContainerItemProxy;
			containerPortal = 177908EA20F0EF1500B7C702 /* Project object */;
			proxyType = 1;
			remoteGlobalIDString = 177908F120F0EF1500B7C702;
			remoteInfo = "Focusrite Midi Control";
		};
/* End PBXContainerItemProxy section */

/* Begin PBXFileReference section */
		177908F220F0EF1500B7C702 /* Focusrite Midi Control.app */ = {isa = PBXFileReference; explicitFileType = wrapper.application; includeInIndex = 0; path = "Focusrite Midi Control.app"; sourceTree = BUILT_PRODUCTS_DIR; };
		177908F520F0EF1500B7C702 /* AppDelegate.swift */ = {isa = PBXFileReference; lastKnownFileType = sourcecode.swift; path = AppDelegate.swift; sourceTree = "<group>"; };
		177908F720F0EF1500B7C702 /* ViewController.swift */ = {isa = PBXFileReference; lastKnownFileType = sourcecode.swift; path = ViewController.swift; sourceTree = "<group>"; };
		177908F920F0EF1700B7C702 /* Assets.xcassets */ = {isa = PBXFileReference; lastKnownFileType = folder.assetcatalog; path = Assets.xcassets; sourceTree = "<group>"; };
		177908FC20F0EF1700B7C702 /* Base */ = {isa = PBXFileReference; lastKnownFileType = file.storyboard; name = Base; path = Base.lproj/Main.storyboard; sourceTree = "<group>"; };
		177908FE20F0EF1700B7C702 /* Info.plist */ = {isa = PBXFileReference; lastKnownFileType = text.plist.xml; path = Info.plist; sourceTree = "<group>"; };
		177908FF20F0EF1700B7C702 /* Focusrite_Midi_Control.entitlements */ = {isa = PBXFileReference; lastKnownFileType = text.plist.entitlements; path = Focusrite_Midi_Control.entitlements; sourceTree = "<group>"; };
		1779090420F0EF1700B7C702 /* Focusrite Midi ControlTests.xctest */ = {isa = PBXFileReference; explicitFileType = wrapper.cfbundle; includeInIndex = 0; path = "Focusrite Midi ControlTests.xctest"; sourceTree = BUILT_PRODUCTS_DIR; };
		1779090820F0EF1700B7C702 /* Focusrite_Midi_ControlTests.swift */ = {isa = PBXFileReference; lastKnownFileType = sourcecode.swift; path = Focusrite_Midi_ControlTests.swift; sourceTree = "<group>"; };
		1779090A20F0EF1700B7C702 /* Info.plist */ = {isa = PBXFileReference; lastKnownFileType = text.plist.xml; path = Info.plist; sourceTree = "<group>"; };
		1779090F20F0EF1700B7C702 /* Focusrite Midi ControlUITests.xctest */ = {isa = PBXFileReference; explicitFileType = wrapper.cfbundle; includeInIndex = 0; path = "Focusrite Midi ControlUITests.xctest"; sourceTree = BUILT_PRODUCTS_DIR; };
		1779091320F0EF1700B7C702 /* Focusrite_Midi_ControlUITests.swift */ = {isa = PBXFileReference; lastKnownFileType = sourcecode.swift; path = Focusrite_Midi_ControlUITests.swift; sourceTree = "<group>"; };
		1779091520F0EF1700B7C702 /* Info.plist */ = {isa = PBXFileReference; lastKnownFileType = text.plist.xml; path = Info.plist; sourceTree = "<group>"; };
/* End PBXFileReference section */

/* Begin PBXFrameworksBuildPhase section */
		177908EF20F0EF1500B7C702 /* Frameworks */ = {
			isa = PBXFrameworksBuildPhase;
			buildActionMask = 2147483647;
			files = (
			);
			runOnlyForDeploymentPostprocessing = 0;
		};
		1779090120F0EF1700B7C702 /* Frameworks */ = {
			isa = PBXFrameworksBuildPhase;
			buildActionMask = 2147483647;
			files = (
			);
			runOnlyForDeploymentPostprocessing = 0;
		};
		1779090C20F0EF1700B7C702 /* Frameworks */ = {
			isa = PBXFrameworksBuildPhase;
			buildActionMask = 2147483647;
			files = (
			);
			runOnlyForDeploymentPostprocessing = 0;
		};
/* End PBXFrameworksBuildPhase section */

/* Begin PBXGroup section */
		177908E920F0EF1500B7C702 = {
			isa = PBXGroup;
			children = (
				177908F420F0EF1500B7C702 /* Focusrite Midi Control */,
				1779090720F0EF1700B7C702 /* Focusrite Midi ControlTests */,
				1779091220F0EF1700B7C702 /* Focusrite Midi ControlUITests */,
				177908F320F0EF1500B7C702 /* Products */,
			);
			sourceTree = "<group>";
		};
		177908F320F0EF1500B7C702 /* Products */ = {
			isa = PBXGroup;
			children = (
				177908F220F0EF1500B7C702 /* Focusrite Midi Control.app */,
				1779090420F0EF1700B7C702 /* Focusrite Midi ControlTests.xctest */,
				1779090F20F0EF1700B7C702 /* Focusrite Midi ControlUITests.xctest */,
			);
			name = Products;
			sourceTree = "<group>";
		};
		177908F420F0EF1500B7C702 /* Focusrite Midi Control */ = {
			isa = PBXGroup;
			children = (
				177908F520F0EF1500B7C702 /* AppDelegate.swift */,
				177908F720F0EF1500B7C702 /* ViewController.swift */,
				177908F920F0EF1700B7C702 /* Assets.xcassets */,
				177908FB20F0EF1700B7C702 /* Main.storyboard */,
				177908FE20F0EF1700B7C702 /* Info.plist */,
				177908FF20F0EF1700B7C702 /* Focusrite_Midi_Control.entitlements */,
			);
			path = "Focusrite Midi Control";
			sourceTree = "<group>";
		};
		1779090720F0EF1700B7C702 /* Focusrite Midi ControlTests */ = {
			isa = PBXGroup;
			children = (
				1779090820F0EF1700B7C702 /* Focusrite_Midi_ControlTests.swift */,
				1779090A20F0EF1700B7C702 /* Info.plist */,
			);
			path = "Focusrite Midi ControlTests";
			sourceTree = "<group>";
		};
		1779091220F0EF1700B7C702 /* Focusrite Midi ControlUITests */ = {
			isa = PBXGroup;
			children = (
				1779091320F0EF1700B7C702 /* Focusrite_Midi_ControlUITests.swift */,
				1779091520F0EF1700B7C702 /* Info.plist */,
			);
			path = "Focusrite Midi ControlUITests";
			sourceTree = "<group>";
		};
/* End PBXGroup section */

/* Begin PBXNativeTarget section */
		177908F120F0EF1500B7C702 /* Focusrite Midi Control */ = {
			isa = PBXNativeTarget;
			buildConfigurationList = 1779091820F0EF1700B7C702 /* Build configuration list for PBXNativeTarget "Focusrite Midi Control" */;
			buildPhases = (
				177908EE20F0EF1500B7C702 /* Sources */,
				177908EF20F0EF1500B7C702 /* Frameworks */,
				177908F020F0EF1500B7C702 /* Resources */,
			);
			buildRules = (
			);
			dependencies = (
			);
			name = "Focusrite Midi Control";
			productName = "Focusrite Midi Control";
			productReference = 177908F220F0EF1500B7C702 /* Focusrite Midi Control.app */;
			productType = "com.apple.product-type.application";
		};
		1779090320F0EF1700B7C702 /* Focusrite Midi ControlTests */ = {
			isa = PBXNativeTarget;
			buildConfigurationList = 1779091B20F0EF1700B7C702 /* Build configuration list for PBXNativeTarget "Focusrite Midi ControlTests" */;
			buildPhases = (
				1779090020F0EF1700B7C702 /* Sources */,
				1779090120F0EF1700B7C702 /* Frameworks */,
				1779090220F0EF1700B7C702 /* Resources */,
			);
			buildRules = (
			);
			dependencies = (
				1779090620F0EF1700B7C702 /* PBXTargetDependency */,
			);
			name = "Focusrite Midi ControlTests";
			productName = "Focusrite Midi ControlTests";
			productReference = 1779090420F0EF1700B7C702 /* Focusrite Midi ControlTests.xctest */;
			productType = "com.apple.product-type.bundle.unit-test";
		};
		1779090E20F0EF1700B7C702 /* Focusrite Midi ControlUITests */ = {
			isa = PBXNativeTarget;
			buildConfigurationList = 1779091E20F0EF1700B7C702 /* Build configuration list for PBXNativeTarget "Focusrite Midi ControlUITests" */;
			buildPhases = (
				1779090B20F0EF1700B7C702 /* Sources */,
				1779090C20F0EF1700B7C702 /* Frameworks */,
				1779090D20F0EF1700B7C702 /* Resources */,
			);
			buildRules = (
			);
			dependencies = (
				1779091120F0EF1700B7C702 /* PBXTargetDependency */,
			);
			name = "Focusrite Midi ControlUITests";
			productName = "Focusrite Midi ControlUITests";
			productReference = 1779090F20F0EF1700B7C702 /* Focusrite Midi ControlUITests.xctest */;
			productType = "com.apple.product-type.bundle.ui-testing";
		};
/* End PBXNativeTarget section */

/* Begin PBXProject section */
		177908EA20F0EF1500B7C702 /* Project object */ = {
			isa = PBXProject;
			attributes = {
				LastSwiftUpdateCheck = 0940;
				LastUpgradeCheck = 0940;
				ORGANIZATIONNAME = "Antonio-Radu Varga";
				TargetAttributes = {
					177908F120F0EF1500B7C702 = {
						CreatedOnToolsVersion = 9.4.1;
					};
					1779090320F0EF1700B7C702 = {
						CreatedOnToolsVersion = 9.4.1;
						TestTargetID = 177908F120F0EF1500B7C702;
					};
					1779090E20F0EF1700B7C702 = {
						CreatedOnToolsVersion = 9.4.1;
						TestTargetID = 177908F120F0EF1500B7C702;
					};
				};
			};
			buildConfigurationList = 177908ED20F0EF1500B7C702 /* Build configuration list for PBXProject "Focusrite Midi Control" */;
			compatibilityVersion = "Xcode 9.3";
			developmentRegion = en;
			hasScannedForEncodings = 0;
			knownRegions = (
				en,
				Base,
			);
			mainGroup = 177908E920F0EF1500B7C702;
			productRefGroup = 177908F320F0EF1500B7C702 /* Products */;
			projectDirPath = "";
			projectRoot = "";
			targets = (
				177908F120F0EF1500B7C702 /* Focusrite Midi Control */,
				1779090320F0EF1700B7C702 /* Focusrite Midi ControlTests */,
				1779090E20F0EF1700B7C702 /* Focusrite Midi ControlUITests */,
			);
		};
/* End PBXProject section */

/* Begin PBXResourcesBuildPhase section */
		177908F020F0EF1500B7C702 /* Resources */ = {
			isa = PBXResourcesBuildPhase;
			buildActionMask = 2147483647;
			files = (
				177908FA20F0EF1700B7C702 /* Assets.xcassets in Resources */,
				177908FD20F0EF1700B7C702 /* Main.storyboard in Resources */,
			);
			runOnlyForDeploymentPostprocessing = 0;
		};
		1779090220F0EF1700B7C702 /* Resources */ = {
			isa = PBXResourcesBuildPhase;
			buildActionMask = 2147483647;
			files = (
			);
			runOnlyForDeploymentPostprocessing = 0;
		};
		1779090D20F0EF1700B7C702 /* Resources */ = {
			isa = PBXResourcesBuildPhase;
			buildActionMask = 2147483647;
			files = (
			);
			runOnlyForDeploymentPostprocessing = 0;
		};
/* End PBXResourcesBuildPhase section */

/* Begin PBXSourcesBuildPhase section */
		177908EE20F0EF1500B7C702 /* Sources */ = {
			isa = PBXSourcesBuildPhase;
			buildActionMask = 2147483647;
			files = (
				177908F820F0EF1500B7C702 /* ViewController.swift in Sources */,
				177908F620F0EF1500B7C702 /* AppDelegate.swift in Sources */,
			);
			runOnlyForDeploymentPostprocessing = 0;
		};
		1779090020F0EF1700B7C702 /* Sources */ = {
			isa = PBXSourcesBuildPhase;
			buildActionMask = 2147483647;
			files = (
				1779090920F0EF1700B7C702 /* Focusrite_Midi_ControlTests.swift in Sources */,
			);
			runOnlyForDeploymentPostprocessing = 0;
		};
		1779090B20F0EF1700B7C702 /* Sources */ = {
			isa = PBXSourcesBuildPhase;
			buildActionMask = 2147483647;
			files = (
				1779091420F0EF1700B7C702 /* Focusrite_Midi_ControlUITests.swift in Sources */,
			);
			runOnlyForDeploymentPostprocessing = 0;
		};
/* End PBXSourcesBuildPhase section */

/* Begin PBXTargetDependency section */
		1779090620F0EF1700B7C702 /* PBXTargetDependency */ = {
			isa = PBXTargetDependency;
			target = 177908F120F0EF1500B7C702 /* Focusrite Midi Control */;
			targetProxy = 1779090520F0EF1700B7C702 /* PBXContainerItemProxy */;
		};
		1779091120F0EF1700B7C702 /* PBXTargetDependency */ = {
			isa = PBXTargetDependency;
			target = 177908F120F0EF1500B7C702 /* Focusrite Midi Control */;
			targetProxy = 1779091020F0EF1700B7C702 /* PBXContainerItemProxy */;
		};
/* End PBXTargetDependency section */

/* Begin PBXVariantGroup section */
		177908FB20F0EF1700B7C702 /* Main.storyboard */ = {
			isa = PBXVariantGroup;
			children = (
				177908FC20F0EF1700B7C702 /* Base */,
			);
			name = Main.storyboard;
			sourceTree = "<group>";
		};
/* End PBXVariantGroup section */

/* Begin XCBuildConfiguration section */
		1779091620F0EF1700B7C702 /* Debug */ = {
			isa = XCBuildConfiguration;
			buildSettings = {
				ALWAYS_SEARCH_USER_PATHS = NO;
				CLANG_ANALYZER_NONNULL = YES;
				CLANG_ANALYZER_NUMBER_OBJECT_CONVERSION = YES_AGGRESSIVE;
				CLANG_CXX_LANGUAGE_STANDARD = "gnu++14";
				CLANG_CXX_LIBRARY = "libc++";
				CLANG_ENABLE_MODULES = YES;
				CLANG_ENABLE_OBJC_ARC = YES;
				CLANG_ENABLE_OBJC_WEAK = YES;
				CLANG_WARN_BLOCK_CAPTURE_AUTORELEASING = YES;
				CLANG_WARN_BOOL_CONVERSION = YES;
				CLANG_WARN_COMMA = YES;
				CLANG_WARN_CONSTANT_CONVERSION = YES;
				CLANG_WARN_DEPRECATED_OBJC_IMPLEMENTATIONS = YES;
				CLANG_WARN_DIRECT_OBJC_ISA_USAGE = YES_ERROR;
				CLANG_WARN_DOCUMENTATION_COMMENTS = YES;
				CLANG_WARN_EMPTY_BODY = YES;
				CLANG_WARN_ENUM_CONVERSION = YES;
				CLANG_WARN_INFINITE_RECURSION = YES;
				CLANG_WARN_INT_CONVERSION = YES;
				CLANG_WARN_NON_LITERAL_NULL_CONVERSION = YES;
				CLANG_WARN_OBJC_IMPLICIT_RETAIN_SELF = YES;
				CLANG_WARN_OBJC_LITERAL_CONVERSION = YES;
				CLANG_WARN_OBJC_ROOT_CLASS = YES_ERROR;
				CLANG_WARN_RANGE_LOOP_ANALYSIS = YES;
				CLANG_WARN_STRICT_PROTOTYPES = YES;
				CLANG_WARN_SUSPICIOUS_MOVE = YES;
				CLANG_WARN_UNGUARDED_AVAILABILITY = YES_AGGRESSIVE;
				CLANG_WARN_UNREACHABLE_CODE = YES;
				CLANG_WARN__DUPLICATE_METHOD_MATCH = YES;
				CODE_SIGN_IDENTITY = "-";
				COPY_PHASE_STRIP = NO;
				DEBUG_INFORMATION_FORMAT = dwarf;
				ENABLE_STRICT_OBJC_MSGSEND = YES;
				ENABLE_TESTABILITY = YES;
				GCC_C_LANGUAGE_STANDARD = gnu11;
				GCC_DYNAMIC_NO_PIC = NO;
				GCC_NO_COMMON_BLOCKS = YES;
				GCC_OPTIMIZATION_LEVEL = 0;
				GCC_PREPROCESSOR_DEFINITIONS = (
					"DEBUG=1",
					"$(inherited)",
				);
				GCC_WARN_64_TO_32_BIT_CONVERSION = YES;
				GCC_WARN_ABOUT_RETURN_TYPE = YES_ERROR;
				GCC_WARN_UNDECLARED_SELECTOR = YES;
				GCC_WARN_UNINITIALIZED_AUTOS = YES_AGGRESSIVE;
				GCC_WARN_UNUSED_FUNCTION = YES;
				GCC_WARN_UNUSED_VARIABLE = YES;
				MACOSX_DEPLOYMENT_TARGET = 10.13;
				MTL_ENABLE_DEBUG_INFO = YES;
				ONLY_ACTIVE_ARCH = YES;
				SDKROOT = macosx;
				SWIFT_ACTIVE_COMPILATION_CONDITIONS = DEBUG;
				SWIFT_OPTIMIZATION_LEVEL = "-Onone";
			};
			name = Debug;
		};
		1779091720F0EF1700B7C702 /* Release */ = {
			isa = XCBuildConfiguration;
			buildSettings = {
				ALWAYS_SEARCH_USER_PATHS = NO;
				CLANG_ANALYZER_NONNULL = YES;
				CLANG_ANALYZER_NUMBER_OBJECT_CONVERSION = YES_AGGRESSIVE;
				CLANG_CXX_LANGUAGE_STANDARD = "gnu++14";
				CLANG_CXX_LIBRARY = "libc++";
				CLANG_ENABLE_MODULES = YES;
				CLANG_ENABLE_OBJC_ARC = YES;
				CLANG_ENABLE_OBJC_WEAK = YES;
				CLANG_WARN_BLOCK_CAPTURE_AUTORELEASING = YES;
				CLANG_WARN_BOOL_CONVERSION = YES;
				CLANG_WARN_COMMA = YES;
				CLANG_WARN_CONSTANT_CONVERSION = YES;
				CLANG_WARN_DEPRECATED_OBJC_IMPLEMENTATIONS = YES;
				CLANG_WARN_DIRECT_OBJC_ISA_USAGE = YES_ERROR;
				CLANG_WARN_DOCUMENTATION_COMMENTS = YES;
				CLANG_WARN_EMPTY_BODY = YES;
				CLANG_WARN_ENUM_CONVERSION = YES;
				CLANG_WARN_INFINITE_RECURSION = YES;
				CLANG_WARN_INT_CONVERSION = YES;
				CLANG_WARN_NON_LITERAL_NULL_CONVERSION = YES;
				CLANG_WARN_OBJC_IMPLICIT_RETAIN_SELF = YES;
				CLANG_WARN_OBJC_LITERAL_CONVERSION = YES;
				CLANG_WARN_OBJC_ROOT_CLASS = YES_ERROR;
				CLANG_WARN_RANGE_LOOP_ANALYSIS = YES;
				CLANG_WARN_STRICT_PROTOTYPES = YES;
				CLANG_WARN_SUSPICIOUS_MOVE = YES;
				CLANG_WARN_UNGUARDED_AVAILABILITY = YES_AGGRESSIVE;
				CLANG_WARN_UNREACHABLE_CODE = YES;
				CLANG_WARN__DUPLICATE_METHOD_MATCH = YES;
				CODE_SIGN_IDENTITY = "-";
				COPY_PHASE_STRIP = NO;
				DEBUG_INFORMATION_FORMAT = "dwarf-with-dsym";
				ENABLE_NS_ASSERTIONS = NO;
				ENABLE_STRICT_OBJC_MSGSEND = YES;
				GCC_C_LANGUAGE_STANDARD = gnu11;
				GCC_NO_COMMON_BLOCKS = YES;
				GCC_WARN_64_TO_32_BIT_CONVERSION = YES;
				GCC_WARN_ABOUT_RETURN_TYPE = YES_ERROR;
				GCC_WARN_UNDECLARED_SELECTOR = YES;
				GCC_WARN_UNINITIALIZED_AUTOS = YES_AGGRESSIVE;
				GCC_WARN_UNUSED_FUNCTION = YES;
				GCC_WARN_UNUSED_VARIABLE = YES;
				MACOSX_DEPLOYMENT_TARGET = 10.13;
				MTL_ENABLE_DEBUG_INFO = NO;
				SDKROOT = macosx;
				SWIFT_COMPILATION_MODE = wholemodule;
				SWIFT_OPTIMIZATION_LEVEL = "-O";
			};
			name = Release;
		};
		1779091920F0EF1700B7C702 /* Debug */ = {
			isa = XCBuildConfiguration;
			buildSettings = {
				ASSETCATALOG_COMPILER_APPICON_NAME = AppIcon;
				CODE_SIGN_ENTITLEMENTS = "Focusrite Midi Control/Focusrite_Midi_Control.entitlements";
				CODE_SIGN_STYLE = Automatic;
				COMBINE_HIDPI_IMAGES = YES;
				INFOPLIST_FILE = "Focusrite Midi Control/Info.plist";
				LD_RUNPATH_SEARCH_PATHS = (
					"$(inherited)",
					"@executable_path/../Frameworks",
				);
				PRODUCT_BUNDLE_IDENTIFIER = "raduvarga.Focusrite-Midi-Control";
				PRODUCT_NAME = "$(TARGET_NAME)";
				SWIFT_VERSION = 4.0;
			};
			name = Debug;
		};
		1779091A20F0EF1700B7C702 /* Release */ = {
			isa = XCBuildConfiguration;
			buildSettings = {
				ASSETCATALOG_COMPILER_APPICON_NAME = AppIcon;
				CODE_SIGN_ENTITLEMENTS = "Focusrite Midi Control/Focusrite_Midi_Control.entitlements";
				CODE_SIGN_STYLE = Automatic;
				COMBINE_HIDPI_IMAGES = YES;
				INFOPLIST_FILE = "Focusrite Midi Control/Info.plist";
				LD_RUNPATH_SEARCH_PATHS = (
					"$(inherited)",
					"@executable_path/../Frameworks",
				);
				PRODUCT_BUNDLE_IDENTIFIER = "raduvarga.Focusrite-Midi-Control";
				PRODUCT_NAME = "$(TARGET_NAME)";
				SWIFT_VERSION = 4.0;
			};
			name = Release;
		};
		1779091C20F0EF1700B7C702 /* Debug */ = {
			isa = XCBuildConfiguration;
			buildSettings = {
				ALWAYS_EMBED_SWIFT_STANDARD_LIBRARIES = YES;
				BUNDLE_LOADER = "$(TEST_HOST)";
				CODE_SIGN_STYLE = Automatic;
				COMBINE_HIDPI_IMAGES = YES;
				INFOPLIST_FILE = "Focusrite Midi ControlTests/Info.plist";
				LD_RUNPATH_SEARCH_PATHS = (
					"$(inherited)",
					"@executable_path/../Frameworks",
					"@loader_path/../Frameworks",
				);
				PRODUCT_BUNDLE_IDENTIFIER = "raduvarga.Focusrite-Midi-ControlTests";
				PRODUCT_NAME = "$(TARGET_NAME)";
				SWIFT_VERSION = 4.0;
				TEST_HOST = "$(BUILT_PRODUCTS_DIR)/Focusrite Midi Control.app/Contents/MacOS/Focusrite Midi Control";
			};
			name = Debug;
		};
		1779091D20F0EF1700B7C702 /* Release */ = {
			isa = XCBuildConfiguration;
			buildSettings = {
				ALWAYS_EMBED_SWIFT_STANDARD_LIBRARIES = YES;
				BUNDLE_LOADER = "$(TEST_HOST)";
				CODE_SIGN_STYLE = Automatic;
				COMBINE_HIDPI_IMAGES = YES;
				INFOPLIST_FILE = "Focusrite Midi ControlTests/Info.plist";
				LD_RUNPATH_SEARCH_PATHS = (
					"$(inherited)",
					"@executable_path/../Frameworks",
					"@loader_path/../Frameworks",
				);
				PRODUCT_BUNDLE_IDENTIFIER = "raduvarga.Focusrite-Midi-ControlTests";
				PRODUCT_NAME = "$(TARGET_NAME)";
				SWIFT_VERSION = 4.0;
				TEST_HOST = "$(BUILT_PRODUCTS_DIR)/Focusrite Midi Control.app/Contents/MacOS/Focusrite Midi Control";
			};
			name = Release;
		};
		1779091F20F0EF1700B7C702 /* Debug */ = {
			isa = XCBuildConfiguration;
			buildSettings = {
				ALWAYS_EMBED_SWIFT_STANDARD_LIBRARIES = YES;
				CODE_SIGN_STYLE = Automatic;
				COMBINE_HIDPI_IMAGES = YES;
				INFOPLIST_FILE = "Focusrite Midi ControlUITests/Info.plist";
				LD_RUNPATH_SEARCH_PATHS = (
					"$(inherited)",
					"@executable_path/../Frameworks",
					"@loader_path/../Frameworks",
				);
				PRODUCT_BUNDLE_IDENTIFIER = "raduvarga.Focusrite-Midi-ControlUITests";
				PRODUCT_NAME = "$(TARGET_NAME)";
				SWIFT_VERSION = 4.0;
				TEST_TARGET_NAME = "Focusrite Midi Control";
			};
			name = Debug;
		};
		1779092020F0EF1700B7C702 /* Release */ = {
			isa = XCBuildConfiguration;
			buildSettings = {
				ALWAYS_EMBED_SWIFT_STANDARD_LIBRARIES = YES;
				CODE_SIGN_STYLE = Automatic;
				COMBINE_HIDPI_IMAGES = YES;
				INFOPLIST_FILE = "Focusrite Midi ControlUITests/Info.plist";
				LD_RUNPATH_SEARCH_PATHS = (
					"$(inherited)",
					"@executable_path/../Frameworks",
					"@loader_path/../Frameworks",
				);
				PRODUCT_BUNDLE_IDENTIFIER = "raduvarga.Focusrite-Midi-ControlUITests";
				PRODUCT_NAME = "$(TARGET_NAME)";
				SWIFT_VERSION = 4.0;
				TEST_TARGET_NAME = "Focusrite Midi Control";
			};
			name = Release;
		};
/* End XCBuildConfiguration section */

/* Begin XCConfigurationList section */
		177908ED20F0EF1500B7C702 /* Build configuration list for PBXProject "Focusrite Midi Control" */ = {
			isa = XCConfigurationList;
			buildConfigurations = (
				1779091620F0EF1700B7C702 /* Debug */,
				1779091720F0EF1700B7C702 /* Release */,
			);
			defaultConfigurationIsVisible = 0;
			defaultConfigurationName = Release;
		};
		1779091820F0EF1700B7C702 /* Build configuration list for PBXNativeTarget "Focusrite Midi Control" */ = {
			isa = XCConfigurationList;
			buildConfigurations = (
				1779091920F0EF1700B7C702 /* Debug */,
				1779091A20F0EF1700B7C702 /* Release */,
			);
			defaultConfigurationIsVisible = 0;
			defaultConfigurationName = Release;
		};
		1779091B20F0EF1700B7C702 /* Build configuration list for PBXNativeTarget "Focusrite Midi ControlTests" */ = {
			isa = XCConfigurationList;
			buildConfigurations = (
				1779091C20F0EF1700B7C702 /* Debug */,
				1779091D20F0EF1700B7C702 /* Release */,
			);
			defaultConfigurationIsVisible = 0;
			defaultConfigurationName = Release;
		};
		1779091E20F0EF1700B7C702 /* Build configuration list for PBXNativeTarget "Focusrite Midi ControlUITests" */ = {
			isa = XCConfigurationList;
			buildConfigurations = (
				1779091F20F0EF1700B7C702 /* Debug */,
				1779092020F0EF1700B7C702 /* Release */,
			);
			defaultConfigurationIsVisible = 0;
			defaultConfigurationName = Release;
		};
/* End XCConfigurationList section */
	};
	rootObject = 177908EA20F0EF1500B7C702 /* Project object */;
}
